{
   "name": "fast-food-mobile-app",
   "version": "1.0.0",
   "lockfileVersion": 3,
   "requires": false,
   "packages": {
      "": {
         "name": "my-app",
         "version": "1.0.0",
         "license": "MIT",
         "dependencies": {
            "short-unique-id": "^5.2.0"
         },
         "devDependencies": {}
      }
   }
}
